
Microsoft Visual Studio Solution File, Format Version 12.00
# Visual Studio Version 17
VisualStudioVersion = 17.5.002.0
MinimumVisualStudioVersion = 10.0.40219.1
Project("{9A19103F-16F7-4668-BE54-9A1E7A4F7556}") = "FreakyFashionWebAPI", "FreakyFashionWebAPI.csproj", "{F1F7EF8E-6A4B-4D19-A6A1-3EEDF8A0E9EB}"
EndProject
Global
	GlobalSection(SolutionConfigurationPlatforms) = preSolution
		Debug|Any CPU = Debug|Any CPU
		Release|Any CPU = Release|Any CPU
	EndGlobalSection
	GlobalSection(ProjectConfigurationPlatforms) = postSolution
		{F1F7EF8E-6A4B-4D19-A6A1-3EEDF8A0E9EB}.Debug|Any CPU.ActiveCfg = Debug|Any CPU
		{F1F7EF8E-6A4B-4D19-A6A1-3EEDF8A0E9EB}.Debug|Any CPU.Build.0 = Debug|Any CPU
		{F1F7EF8E-6A4B-4D19-A6A1-3EEDF8A0E9EB}.Release|Any CPU.ActiveCfg = Release|Any CPU
		{F1F7EF8E-6A4B-4D19-A6A1-3EEDF8A0E9EB}.Release|Any CPU.Build.0 = Release|Any CPU
	EndGlobalSection
	GlobalSection(SolutionProperties) = preSolution
		HideSolutionNode = FALSE
	EndGlobalSection
	GlobalSection(ExtensibilityGlobals) = postSolution
		SolutionGuid = {46CD4629-429C-416F-AE7A-32E21EFA77D7}
	EndGlobalSection
EndGlobal
